{
  "object": {
    "pins": [
      {
        "package": "MidiParser",
        "repositoryURL": "https://github.com/musical77/MidiParser.git",
        "state": {
          "branch": "master",
          "revision": "22a0bbfa0636d1b5d38401254c54c760a7ab847c",
          "version": null
        }
      },
      {
        "package": "MusicScore",
        "repositoryURL": "https://github.com/musical77/MusicScore",
        "state": {
          "branch": "main",
          "revision": "9cc18009963dc4e44e9f9a18b20f26b987ffaf42",
          "version": null
        }
      },
      {
        "package": "MusicScoreView",
        "repositoryURL": "https://github.com/musical77/MusicScoreView",
        "state": {
          "branch": "main",
          "revision": "dba29e520eba00385731a27fc4099be97d2961a6",
          "version": null
        }
      },
      {
        "package": "MusicSymbol",
        "repositoryURL": "https://github.com/musical77/MusicSymbol",
        "state": {
          "branch": "main",
          "revision": "a7e5c928b52d6b4801cdb8a22993265e5eb220e2",
          "version": null
        }
      }
    ]
  },
  "version": 1
}
